
Microsoft Visual Studio Solution File, Format Version 12.00
# Visual Studio Version 16
VisualStudioVersion = 16.0.32126.315
MinimumVisualStudioVersion = 10.0.40219.1
Project("{FAE04EC0-301F-11D3-BF4B-00C04F79EFBC}") = "printer", "printer.csproj", "{08EE7C26-4E0E-4F21-ADC7-EEB30977DB4D}"
EndProject
Global
	GlobalSection(SolutionConfigurationPlatforms) = preSolution
		Debug|Any CPU = Debug|Any CPU
		Release|Any CPU = Release|Any CPU
	EndGlobalSection
	GlobalSection(ProjectConfigurationPlatforms) = postSolution
		{08EE7C26-4E0E-4F21-ADC7-EEB30977DB4D}.Debug|Any CPU.ActiveCfg = Debug|Any CPU
		{08EE7C26-4E0E-4F21-ADC7-EEB30977DB4D}.Debug|Any CPU.Build.0 = Debug|Any CPU
		{08EE7C26-4E0E-4F21-ADC7-EEB30977DB4D}.Release|Any CPU.ActiveCfg = Release|Any CPU
		{08EE7C26-4E0E-4F21-ADC7-EEB30977DB4D}.Release|Any CPU.Build.0 = Release|Any CPU
	EndGlobalSection
	GlobalSection(SolutionProperties) = preSolution
		HideSolutionNode = FALSE
	EndGlobalSection
	GlobalSection(ExtensibilityGlobals) = postSolution
		SolutionGuid = {66B651CF-7B26-4136-AC61-7A1148BAC112}
	EndGlobalSection
EndGlobal
